# This file is automatically @generated by Cargo.
# It is not intended for manual editing.
version = 3

[[package]]
name = "adler2"
version = "2.0.0"
source = "registry+https://github.com/rust-lang/crates.io-index"
checksum = "512761e0bb2578dd7380c6baaa0f4ce03e84f95e960231d1dec8bf4d7d6e2627"

[[package]]
name = "aho-corasick"
version = "1.1.3"
source = "registry+https://github.com/rust-lang/crates.io-index"
checksum = "8e60d3430d3a69478ad0993f19238d2df97c507009a52b3c10addcd7f6bcb916"
dependencies = [
 "memchr",
]

[[package]]
name = "anstream"
version = "0.6.18"
source = "registry+https://github.com/rust-lang/crates.io-index"
checksum = "8acc5369981196006228e28809f761875c0327210a891e941f4c683b3a99529b"
dependencies = [
 "anstyle",
 "anstyle-parse 0.2.6",
 "anstyle-query",
 "anstyle-wincon",
 "colorchoice",
 "is_terminal_polyfill",
 "utf8parse",
]

[[package]]
name = "anstream"
version = "1.0.0"
source = "registry+https://github.com/rust-lang/crates.io-index"
checksum = "824a212faf96e9acacdbd09febd34438f8f711fb84e09a8916013cd7815ca28d"
dependencies = [
 "anstyle",
 "anstyle-parse 1.0.0",
 "anstyle-query",
 "anstyle-wincon",
 "colorchoice",
 "is_terminal_polyfill",
 "utf8parse",
]

[[package]]
name = "anstyle"
version = "1.0.14"
source = "registry+https://github.com/rust-lang/crates.io-index"
checksum = "940b3a0ca603d1eade50a4846a2afffd5ef57a9feac2c0e2ec2e14f9ead76000"

[[package]]
name = "anstyle-parse"
version = "0.2.6"
source = "registry+https://github.com/rust-lang/crates.io-index"
checksum = "3b2d16507662817a6a20a9ea92df6652ee4f94f914589377d69f3b21bc5798a9"
dependencies = [
 "utf8parse",
]

[[package]]
name = "anstyle-parse"
version = "1.0.0"
source = "registry+https://github.com/rust-lang/crates.io-index"
checksum = "52ce7f38b242319f7cabaa6813055467063ecdc9d355bbb4ce0c68908cd8130e"
dependencies = [
 "utf8parse",
]

[[package]]
name = "anstyle-query"
version = "1.1.2"
source = "registry+https://github.com/rust-lang/crates.io-index"
checksum = "79947af37f4177cfead1110013d678905c37501914fba0efea834c3fe9a8d60c"
dependencies = [
 "windows-sys",
]

[[package]]
name = "anstyle-wincon"
version = "3.0.6"
source = "registry+https://github.com/rust-lang/crates.io-index"
checksum = "2109dbce0e72be3ec00bed26e6a7479ca384ad226efdd66db8fa2e3a38c83125"
dependencies = [
 "anstyle",
 "windows-sys",
]

[[package]]
name = "anyhow"
version = "1.0.102"
source = "registry+https://github.com/rust-lang/crates.io-index"
checksum = "7f202df86484c868dbad7eaa557ef785d5c66295e41b460ef922eca0723b842c"

[[package]]
name = "assert_cmd"
version = "2.2.1"
source = "registry+https://github.com/rust-lang/crates.io-index"
checksum = "39bae1d3fa576f7c6519514180a72559268dd7d1fe104070956cb687bc6673bd"
dependencies = [
 "anstyle",
 "bstr",
 "libc",
 "predicates",
 "predicates-core",
 "predicates-tree",
 "wait-timeout",
]

[[package]]
name = "autocfg"
version = "1.5.0"
source = "registry+https://github.com/rust-lang/crates.io-index"
checksum = "c08606f8c3cbf4ce6ec8e28fb0014a2c086708fe954eaa885384a6165172e7e8"

[[package]]
name = "bit-vec"
version = "0.9.1"
source = "registry+https://github.com/rust-lang/crates.io-index"
checksum = "b71798fca2c1fe1086445a7258a4bc81e6e49dcd24c8d0dd9a1e57395b603f51"
dependencies = [
 "serde",
]

[[package]]
name = "bitflags"
version = "2.6.0"
source = "registry+https://github.com/rust-lang/crates.io-index"
checksum = "b048fb63fd8b5923fc5aa7b340d8e156aec7ec02f0c78fa8a6ddc2613f6f71de"

[[package]]
name = "block-buffer"
version = "0.10.4"
source = "registry+https://github.com/rust-lang/crates.io-index"
checksum = "3078c7629b62d3f0439517fa394996acacc5cbc91c5a20d8c658e77abd503a71"
dependencies = [
 "generic-array",
]

[[package]]
name = "bstr"
version = "1.12.1"
source = "registry+https://github.com/rust-lang/crates.io-index"
checksum = "63044e1ae8e69f3b5a92c736ca6269b8d12fa7efe39bf34ddb06d102cf0e2cab"
dependencies = [
 "memchr",
 "regex-automata",
 "serde",
]

[[package]]
name = "buffer-redux"
version = "1.0.2"
source = "registry+https://github.com/rust-lang/crates.io-index"
checksum = "4e8acf87c5b9f5897cd3ebb9a327f420e0cae9dd4e5c1d2e36f2c84c571a58f1"
dependencies = [
 "memchr",
]

[[package]]
name = "bytecount"
version = "0.6.8"
source = "registry+https://github.com/rust-lang/crates.io-index"
checksum = "5ce89b21cab1437276d2650d57e971f9d548a2d9037cc231abdc0562b97498ce"

[[package]]
name = "byteorder"
version = "1.5.0"
source = "registry+https://github.com/rust-lang/crates.io-index"
checksum = "1fd0f2584146f6f2ef48085050886acf353beff7305ebd1ae69500e27c67f64b"

[[package]]
name = "bytes"
version = "1.11.1"
source = "registry+https://github.com/rust-lang/crates.io-index"
checksum = "1e748733b7cbc798e1434b6ac524f0c1ff2ab456fe201501e6497c8417a4fc33"

[[package]]
name = "bzip2"
version = "0.6.1"
source = "registry+https://github.com/rust-lang/crates.io-index"
checksum = "f3a53fac24f34a81bc9954b5d6cfce0c21e18ec6959f44f56e8e90e4bb7c346c"
dependencies = [
 "libbz2-rs-sys",
]

[[package]]
name = "cc"
version = "1.2.0"
source = "registry+https://github.com/rust-lang/crates.io-index"
checksum = "1aeb932158bd710538c73702db6945cb68a8fb08c519e6e12706b94263b36db8"
dependencies = [
 "jobserver",
 "libc",
 "shlex",
]

[[package]]
name = "cfg-if"
version = "1.0.0"
source = "registry+https://github.com/rust-lang/crates.io-index"
checksum = "baf1de4339761588bc0619e3cbc0120ee582ebb74b53b4efbf79117bd2da40fd"

[[package]]
name = "clap"
version = "4.5.60"
source = "registry+https://github.com/rust-lang/crates.io-index"
checksum = "2797f34da339ce31042b27d23607e051786132987f595b02ba4f6a6dffb7030a"
dependencies = [
 "clap_builder",
 "clap_derive",
]

[[package]]
name = "clap_builder"
version = "4.5.60"
source = "registry+https://github.com/rust-lang/crates.io-index"
checksum = "24a241312cea5059b13574bb9b3861cabf758b879c15190b37b6d6fd63ab6876"
dependencies = [
 "anstream 0.6.18",
 "anstyle",
 "clap_lex",
 "strsim",
]

[[package]]
name = "clap_derive"
version = "4.5.55"
source = "registry+https://github.com/rust-lang/crates.io-index"
checksum = "a92793da1a46a5f2a02a6f4c46c6496b28c43638adea8306fcb0caa1634f24e5"
dependencies = [
 "heck",
 "proc-macro2",
 "quote",
 "syn",
]

[[package]]
name = "clap_lex"
version = "1.1.0"
source = "registry+https://github.com/rust-lang/crates.io-index"
checksum = "c8d4a3bb8b1e0c1050499d1815f5ab16d04f0959b233085fb31653fbfc9d98f9"

[[package]]
name = "colorchoice"
version = "1.0.3"
source = "registry+https://github.com/rust-lang/crates.io-index"
checksum = "5b63caa9aa9397e2d9480a9b13673856c78d8ac123288526c37d7839f2a86990"

[[package]]
name = "cpufeatures"
version = "0.2.17"
source = "registry+https://github.com/rust-lang/crates.io-index"
checksum = "59ed5838eebb26a2bb2e58f6d5b5316989ae9d08bab10e0e6d103e656d1b0280"
dependencies = [
 "libc",
]

[[package]]
name = "crc32fast"
version = "1.4.2"
source = "registry+https://github.com/rust-lang/crates.io-index"
checksum = "a97769d94ddab943e4510d138150169a2758b5ef3eb191a9ee688de3e23ef7b3"
dependencies = [
 "cfg-if",
]

[[package]]
name = "crossbeam-channel"
version = "0.5.15"
source = "registry+https://github.com/rust-lang/crates.io-index"
checksum = "82b8f8f868b36967f9606790d1903570de9ceaf870a7bf9fbbd3016d636a2cb2"
dependencies = [
 "crossbeam-utils",
]

[[package]]
name = "crossbeam-deque"
version = "0.8.5"
source = "registry+https://github.com/rust-lang/crates.io-index"
checksum = "613f8cc01fe9cf1a3eb3d7f488fd2fa8388403e97039e2f73692932e291a770d"
dependencies = [
 "crossbeam-epoch",
 "crossbeam-utils",
]

[[package]]
name = "crossbeam-epoch"
version = "0.9.18"
source = "registry+https://github.com/rust-lang/crates.io-index"
checksum = "5b82ac4a3c2ca9c3460964f020e1402edd5753411d7737aa39c3714ad1b5420e"
dependencies = [
 "crossbeam-utils",
]

[[package]]
name = "crossbeam-utils"
version = "0.8.20"
source = "registry+https://github.com/rust-lang/crates.io-index"
checksum = "22ec99545bb0ed0ea7bb9b8e1e9122ea386ff8a48c0922e43f36d45ab09e0e80"

[[package]]
name = "crypto-common"
version = "0.1.7"
source = "registry+https://github.com/rust-lang/crates.io-index"
checksum = "78c8292055d1c1df0cce5d180393dc8cce0abec0a7102adb6c7b1eef6016d60a"
dependencies = [
 "generic-array",
 "typenum",
]

[[package]]
name = "csv"
version = "1.3.1"
source = "registry+https://github.com/rust-lang/crates.io-index"
checksum = "acdc4883a9c96732e4733212c01447ebd805833b7275a73ca3ee080fd77afdaf"
dependencies = [
 "csv-core",
 "itoa",
 "ryu",
 "serde",
]

[[package]]
name = "csv-core"
version = "0.1.11"
source = "registry+https://github.com/rust-lang/crates.io-index"
checksum = "5efa2b3d7902f4b634a20cae3c9c4e6209dc4779feb6863329607560143efa70"
dependencies = [
 "memchr",
]

[[package]]
name = "difflib"
version = "0.4.0"
source = "registry+https://github.com/rust-lang/crates.io-index"
checksum = "6184e33543162437515c2e2b48714794e37845ec9851711914eec9d308f6ebe8"

[[package]]
name = "digest"
version = "0.10.7"
source = "registry+https://github.com/rust-lang/crates.io-index"
checksum = "9ed9a281f7bc9b7576e61468ba615a66a5c8cfdff42420a70aa82701a3b1e292"
dependencies = [
 "block-buffer",
 "crypto-common",
]

[[package]]
name = "either"
version = "1.13.0"
source = "registry+https://github.com/rust-lang/crates.io-index"
checksum = "60b1af1c220855b6ceac025d3f6ecdd2b7c4894bfe9cd9bda4fbb4bc7c0d4cf0"

[[package]]
name = "env_filter"
version = "1.0.1"
source = "registry+https://github.com/rust-lang/crates.io-index"
checksum = "32e90c2accc4b07a8456ea0debdc2e7587bdd890680d71173a15d4ae604f6eef"
dependencies = [
 "log",
 "regex",
]

[[package]]
name = "env_logger"
version = "0.11.10"
source = "registry+https://github.com/rust-lang/crates.io-index"
checksum = "0621c04f2196ac3f488dd583365b9c09be011a4ab8b9f37248ffcc8f6198b56a"
dependencies = [
 "anstream 1.0.0",
 "anstyle",
 "env_filter",
 "jiff",
 "log",
]

[[package]]
name = "equivalent"
version = "1.0.2"
source = "registry+https://github.com/rust-lang/crates.io-index"
checksum = "877a4ace8713b0bcf2a4e7eec82529c029f1d0619886d18145fea96c3ffe5c0f"

[[package]]
name = "errno"
version = "0.3.11"
source = "registry+https://github.com/rust-lang/crates.io-index"
checksum = "976dd42dc7e85965fe702eb8164f21f450704bdde31faefd6471dba214cb594e"
dependencies = [
 "libc",
 "windows-sys",
]

[[package]]
name = "fastrand"
version = "2.2.0"
source = "registry+https://github.com/rust-lang/crates.io-index"
checksum = "486f806e73c5707928240ddc295403b1b93c96a02038563881c4a2fd84b81ac4"

[[package]]
name = "flate2"
version = "1.1.9"
source = "registry+https://github.com/rust-lang/crates.io-index"
checksum = "843fba2746e448b37e26a819579957415c8cef339bf08564fe8b7ddbd959573c"
dependencies = [
 "crc32fast",
 "miniz_oxide",
 "zlib-rs",
]

[[package]]
name = "float-cmp"
version = "0.10.0"
source = "registry+https://github.com/rust-lang/crates.io-index"
checksum = "b09cf3155332e944990140d967ff5eceb70df778b34f77d8075db46e4704e6d8"
dependencies = [
 "num-traits",
]

[[package]]
name = "generic-array"
version = "0.14.7"
source = "registry+https://github.com/rust-lang/crates.io-index"
checksum = "85649ca51fd72272d7821adaf274ad91c288277713d9c18820d8499a7ff69e9a"
dependencies = [
 "typenum",
 "version_check",
]

[[package]]
name = "getrandom"
version = "0.2.15"
source = "registry+https://github.com/rust-lang/crates.io-index"
checksum = "c4567c8db10ae91089c99af84c68c38da3ec2f087c3f82960bcdbf3656b6f4d7"
dependencies = [
 "cfg-if",
 "libc",
 "wasi 0.11.0+wasi-snapshot-preview1",
]

[[package]]
name = "getrandom"
version = "0.3.3"
source = "registry+https://github.com/rust-lang/crates.io-index"
checksum = "26145e563e54f2cadc477553f1ec5ee650b00862f0a58bcd12cbdc5f0ea2d2f4"
dependencies = [
 "cfg-if",
 "libc",
 "r-efi",
 "wasi 0.14.2+wasi-0.2.4",
]

[[package]]
name = "hashbrown"
version = "0.17.0"
source = "registry+https://github.com/rust-lang/crates.io-index"
checksum = "4f467dd6dccf739c208452f8014c75c18bb8301b050ad1cfb27153803edb0f51"

[[package]]
name = "heck"
version = "0.5.0"
source = "registry+https://github.com/rust-lang/crates.io-index"
checksum = "2304e00983f87ffb38b55b444b5e3b60a884b5d30c0fca7d82fe33449bbe55ea"

[[package]]
name = "indexmap"
version = "2.14.0"
source = "registry+https://github.com/rust-lang/crates.io-index"
checksum = "d466e9454f08e4a911e14806c24e16fba1b4c121d1ea474396f396069cf949d9"
dependencies = [
 "equivalent",
 "hashbrown",
]

[[package]]
name = "is_terminal_polyfill"
version = "1.70.1"
source = "registry+https://github.com/rust-lang/crates.io-index"
checksum = "7943c866cc5cd64cbc25b2e01621d07fa8eb2a1a23160ee81ce38704e97b8ecf"

[[package]]
name = "itoa"
version = "1.0.11"
source = "registry+https://github.com/rust-lang/crates.io-index"
checksum = "49f1f14873335454500d59611f1cf4a4b0f786f9ac11f4312a78e4cf2566695b"

[[package]]
name = "jiff"
version = "0.2.24"
source = "registry+https://github.com/rust-lang/crates.io-index"
checksum = "f00b5dbd620d61dfdcb6007c9c1f6054ebd75319f163d886a9055cec1155073d"
dependencies = [
 "jiff-static",
 "log",
 "portable-atomic",
 "portable-atomic-util",
 "serde_core",
]

[[package]]
name = "jiff-static"
version = "0.2.24"
source = "registry+https://github.com/rust-lang/crates.io-index"
checksum = "e000de030ff8022ea1da3f466fbb0f3a809f5e51ed31f6dd931c35181ad8e6d7"
dependencies = [
 "proc-macro2",
 "quote",
 "syn",
]

[[package]]
name = "jobserver"
version = "0.1.32"
source = "registry+https://github.com/rust-lang/crates.io-index"
checksum = "48d1dbcbbeb6a7fec7e059840aa538bd62aaccf972c7346c4d9d2059312853d0"
dependencies = [
 "libc",
]

[[package]]
name = "lexical-core"
version = "1.0.6"
source = "registry+https://github.com/rust-lang/crates.io-index"
checksum = "7d8d125a277f807e55a77304455eb7b1cb52f2b18c143b60e766c120bd64a594"
dependencies = [
 "lexical-parse-float",
 "lexical-parse-integer",
 "lexical-util",
 "lexical-write-float",
 "lexical-write-integer",
]

[[package]]
name = "lexical-parse-float"
version = "1.0.6"
source = "registry+https://github.com/rust-lang/crates.io-index"
checksum = "52a9f232fbd6f550bc0137dcb5f99ab674071ac2d690ac69704593cb4abbea56"
dependencies = [
 "lexical-parse-integer",
 "lexical-util",
]

[[package]]
name = "lexical-parse-integer"
version = "1.0.6"
source = "registry+https://github.com/rust-lang/crates.io-index"
checksum = "9a7a039f8fb9c19c996cd7b2fcce303c1b2874fe1aca544edc85c4a5f8489b34"
dependencies = [
 "lexical-util",
]

[[package]]
name = "lexical-util"
version = "1.0.7"
source = "registry+https://github.com/rust-lang/crates.io-index"
checksum = "2604dd126bb14f13fb5d1bd6a66155079cb9fa655b37f875b3a742c705dbed17"

[[package]]
name = "lexical-write-float"
version = "1.0.6"
source = "registry+https://github.com/rust-lang/crates.io-index"
checksum = "50c438c87c013188d415fbabbb1dceb44249ab81664efbd31b14ae55dabb6361"
dependencies = [
 "lexical-util",
 "lexical-write-integer",
]

[[package]]
name = "lexical-write-integer"
version = "1.0.6"
source = "registry+https://github.com/rust-lang/crates.io-index"
checksum = "409851a618475d2d5796377cad353802345cba92c867d9fbcde9cf4eac4e14df"
dependencies = [
 "lexical-util",
]

[[package]]
name = "libbz2-rs-sys"
version = "0.2.3"
source = "registry+https://github.com/rust-lang/crates.io-index"
checksum = "b3a6a8c165077efc8f3a971534c50ea6a1a18b329ef4a66e897a7e3a1494565f"

[[package]]
name = "libc"
version = "0.2.172"
source = "registry+https://github.com/rust-lang/crates.io-index"
checksum = "d750af042f7ef4f724306de029d18836c26c1765a54a6a3f094cbd23a7267ffa"

[[package]]
name = "liblrge"
version = "0.2.1"
dependencies = [
 "bzip2",
 "crossbeam-channel",
 "csv",
 "env_logger",
 "flate2",
 "libc",
 "liblzma",
 "log",
 "minimap2-sys",
 "needletail",
 "noodles",
 "noodles-util",
 "rand",
 "rayon",
 "serde",
 "tempfile",
 "zstd",
]

[[package]]
name = "liblzma"
version = "0.4.6"
source = "registry+https://github.com/rust-lang/crates.io-index"
checksum = "b6033b77c21d1f56deeae8014eb9fbe7bdf1765185a6c508b5ca82eeaed7f899"
dependencies = [
 "liblzma-sys",
]

[[package]]
name = "liblzma-sys"
version = "0.4.6"
source = "registry+https://github.com/rust-lang/crates.io-index"
checksum = "1a60851d15cd8c5346eca4ab8babff585be2ae4bc8097c067291d3ffe2add3b6"
dependencies = [
 "cc",
 "libc",
 "pkg-config",
]

[[package]]
name = "libz-sys"
version = "1.1.20"
source = "registry+https://github.com/rust-lang/crates.io-index"
checksum = "d2d16453e800a8cf6dd2fc3eb4bc99b786a9b90c663b8559a5b1a041bf89e472"
dependencies = [
 "cc",
 "libc",
 "pkg-config",
 "vcpkg",
]

[[package]]
name = "linux-raw-sys"
version = "0.9.4"
source = "registry+https://github.com/rust-lang/crates.io-index"
checksum = "cd945864f07fe9f5371a27ad7b52a172b4b499999f1d97574c9fa68373937e12"

[[package]]
name = "log"
version = "0.4.29"
source = "registry+https://github.com/rust-lang/crates.io-index"
checksum = "5e5032e24019045c762d3c0f28f5b6b8bbf38563a65908389bf7978758920897"

[[package]]
name = "lrge"
version = "0.2.1"
dependencies = [
 "anyhow",
 "assert_cmd",
 "clap",
 "env_logger",
 "liblrge",
 "log",
 "predicates",
 "tempfile",
]

[[package]]
name = "lzma-rust2"
version = "0.16.2"
source = "registry+https://github.com/rust-lang/crates.io-index"
checksum = "47bb1e988e6fb779cf720ad431242d3f03167c1b3f2b1aae7f1a94b2495b36ae"
dependencies = [
 "sha2",
]

[[package]]
name = "md-5"
version = "0.10.6"
source = "registry+https://github.com/rust-lang/crates.io-index"
checksum = "d89e7ee0cfbedfc4da3340218492196241d89eefb6dab27de5df917a6d2e78cf"
dependencies = [
 "cfg-if",
 "digest",
]

[[package]]
name = "memchr"
version = "2.7.4"
source = "registry+https://github.com/rust-lang/crates.io-index"
checksum = "78ca9ab1a0babb1e7d5695e3530886289c18cf2f87ec19a575a0abdce112e3a3"

[[package]]
name = "minimap2-sys"
version = "0.1.30+minimap2.2.30"
source = "registry+https://github.com/rust-lang/crates.io-index"
checksum = "a0daecfcba542b29dab8ae9516581fa3595bb5a3704389ab5a7ed3ee6aacea58"
dependencies = [
 "cc",
 "libz-sys",
 "paste",
 "pkg-config",
]

[[package]]
name = "miniz_oxide"
version = "0.8.9"
source = "registry+https://github.com/rust-lang/crates.io-index"
checksum = "1fa76a2c86f704bdb222d66965fb3d63269ce38518b83cb0575fca855ebb6316"
dependencies = [
 "adler2",
 "simd-adler32",
]

[[package]]
name = "needletail"
version = "0.6.0"
source = "registry+https://github.com/rust-lang/crates.io-index"
checksum = "f29a3c5015d6985f33318d154fa0c41315eb2e7df29432c844c74a83434bfe21"
dependencies = [
 "buffer-redux",
 "bytecount",
 "memchr",
]

[[package]]
name = "noodles"
version = "0.109.0"
source = "registry+https://github.com/rust-lang/crates.io-index"
checksum = "4876a9caa25647b9ddc09883263b61fd6500ec7a4394f31daa5428026d5eb415"
dependencies = [
 "noodles-bam",
 "noodles-core",
 "noodles-cram",
 "noodles-sam",
]

[[package]]
name = "noodles-bam"
version = "0.88.0"
source = "registry+https://github.com/rust-lang/crates.io-index"
checksum = "ff57687677d53f36c3574d2350a4668825ff2fa762b6d086f779d3eeaa96b0aa"
dependencies = [
 "bstr",
 "indexmap",
 "memchr",
 "noodles-bgzf",
 "noodles-core",
 "noodles-csi",
 "noodles-sam",
]

[[package]]
name = "noodles-bgzf"
version = "0.46.0"
source = "registry+https://github.com/rust-lang/crates.io-index"
checksum = "37290f565045fd2775b549e62dffca7e1afadc70d8d5a3a2ef19609eb3d8193b"
dependencies = [
 "bytes",
 "crossbeam-channel",
 "flate2",
]

[[package]]
name = "noodles-core"
version = "0.19.0"
source = "registry+https://github.com/rust-lang/crates.io-index"
checksum = "53e1e8a419dbba0e4000b0e60830b124138c7f2277ad556463506f1a81d32d17"
dependencies = [
 "bstr",
]

[[package]]
name = "noodles-cram"
version = "0.92.0"
source = "registry+https://github.com/rust-lang/crates.io-index"
checksum = "deb428af87832b75e4ca78e6f86a189499af8f7a1988b2582eeeb9aeb85a0c37"
dependencies = [
 "bitflags",
 "bstr",
 "bzip2",
 "flate2",
 "indexmap",
 "lexical-core",
 "lzma-rust2",
 "md-5",
 "noodles-bam",
 "noodles-core",
 "noodles-fasta",
 "noodles-sam",
]

[[package]]
name = "noodles-csi"
version = "0.55.0"
source = "registry+https://github.com/rust-lang/crates.io-index"
checksum = "c9c846d8128bd80b18d891b13cb9e0bc1d364429d6ab3ec3c83939f3d32ba105"
dependencies = [
 "bit-vec",
 "bstr",
 "indexmap",
 "noodles-bgzf",
 "noodles-core",
]

[[package]]
name = "noodles-fasta"
version = "0.60.0"
source = "registry+https://github.com/rust-lang/crates.io-index"
checksum = "a5c8ccd951d43ba0a1c4dcc1f86fdc2ee86c1742de2988956bcdf1bc58905769"
dependencies = [
 "bstr",
 "memchr",
 "noodles-bgzf",
 "noodles-core",
]

[[package]]
name = "noodles-sam"
version = "0.84.0"
source = "registry+https://github.com/rust-lang/crates.io-index"
checksum = "baa5367d794dd6b766b7e9fe7ae93accfc9288f590ac61a881c29b7b307dbad2"
dependencies = [
 "bitflags",
 "bstr",
 "indexmap",
 "lexical-core",
 "memchr",
 "noodles-bgzf",
 "noodles-core",
 "noodles-csi",
]

[[package]]
name = "noodles-util"
version = "0.78.0"
source = "registry+https://github.com/rust-lang/crates.io-index"
checksum = "f23492c10265ba0e28206a5a84effc980231e191040e1968e77eb9baa315748d"
dependencies = [
 "bstr",
 "flate2",
 "noodles-bam",
 "noodles-bgzf",
 "noodles-core",
 "noodles-cram",
 "noodles-csi",
 "noodles-fasta",
 "noodles-sam",
]

[[package]]
name = "normalize-line-endings"
version = "0.3.0"
source = "registry+https://github.com/rust-lang/crates.io-index"
checksum = "61807f77802ff30975e01f4f071c8ba10c022052f98b3294119f3e615d13e5be"

[[package]]
name = "num-traits"
version = "0.2.19"
source = "registry+https://github.com/rust-lang/crates.io-index"
checksum = "071dfc062690e90b734c0b2273ce72ad0ffa95f0c74596bc250dcfd960262841"
dependencies = [
 "autocfg",
]

[[package]]
name = "once_cell"
version = "1.20.2"
source = "registry+https://github.com/rust-lang/crates.io-index"
checksum = "1261fe7e33c73b354eab43b1273a57c8f967d0391e80353e51f764ac02cf6775"

[[package]]
name = "paste"
version = "1.0.15"
source = "registry+https://github.com/rust-lang/crates.io-index"
checksum = "57c0d7b74b563b49d38dae00a0c37d4d6de9b432382b2892f0574ddcae73fd0a"

[[package]]
name = "pkg-config"
version = "0.3.31"
source = "registry+https://github.com/rust-lang/crates.io-index"
checksum = "953ec861398dccce10c670dfeaf3ec4911ca479e9c02154b3a215178c5f566f2"

[[package]]
name = "portable-atomic"
version = "1.13.1"
source = "registry+https://github.com/rust-lang/crates.io-index"
checksum = "c33a9471896f1c69cecef8d20cbe2f7accd12527ce60845ff44c153bb2a21b49"

[[package]]
name = "portable-atomic-util"
version = "0.2.7"
source = "registry+https://github.com/rust-lang/crates.io-index"
checksum = "c2a106d1259c23fac8e543272398ae0e3c0b8d33c88ed73d0cc71b0f1d902618"
dependencies = [
 "portable-atomic",
]

[[package]]
name = "ppv-lite86"
version = "0.2.20"
source = "registry+https://github.com/rust-lang/crates.io-index"
checksum = "77957b295656769bb8ad2b6a6b09d897d94f05c41b069aede1fcdaa675eaea04"
dependencies = [
 "zerocopy",
]

[[package]]
name = "predicates"
version = "3.1.4"
source = "registry+https://github.com/rust-lang/crates.io-index"
checksum = "ada8f2932f28a27ee7b70dd6c1c39ea0675c55a36879ab92f3a715eaa1e63cfe"
dependencies = [
 "anstyle",
 "difflib",
 "float-cmp",
 "normalize-line-endings",
 "predicates-core",
 "regex",
]

[[package]]
name = "predicates-core"
version = "1.0.10"
source = "registry+https://github.com/rust-lang/crates.io-index"
checksum = "cad38746f3166b4031b1a0d39ad9f954dd291e7854fcc0eed52ee41a0b50d144"

[[package]]
name = "predicates-tree"
version = "1.0.13"
source = "registry+https://github.com/rust-lang/crates.io-index"
checksum = "d0de1b847b39c8131db0467e9df1ff60e6d0562ab8e9a16e568ad0fdb372e2f2"
dependencies = [
 "predicates-core",
 "termtree",
]

[[package]]
name = "proc-macro2"
version = "1.0.95"
source = "registry+https://github.com/rust-lang/crates.io-index"
checksum = "02b3e5e68a3a1a02aad3ec490a98007cbc13c37cbe84a3cd7b8e406d76e7f778"
dependencies = [
 "unicode-ident",
]

[[package]]
name = "quote"
version = "1.0.45"
source = "registry+https://github.com/rust-lang/crates.io-index"
checksum = "41f2619966050689382d2b44f664f4bc593e129785a36d6ee376ddf37259b924"
dependencies = [
 "proc-macro2",
]

[[package]]
name = "r-efi"
version = "5.2.0"
source = "registry+https://github.com/rust-lang/crates.io-index"
checksum = "74765f6d916ee2faa39bc8e68e4f3ed8949b48cccdac59983d287a7cb71ce9c5"

[[package]]
name = "rand"
version = "0.8.5"
source = "registry+https://github.com/rust-lang/crates.io-index"
checksum = "34af8d1a0e25924bc5b7c43c079c942339d8f0a8b57c39049bef581b46327404"
dependencies = [
 "libc",
 "rand_chacha",
 "rand_core",
]

[[package]]
name = "rand_chacha"
version = "0.3.1"
source = "registry+https://github.com/rust-lang/crates.io-index"
checksum = "e6c10a63a0fa32252be49d21e7709d4d4baf8d231c2dbce1eaa8141b9b127d88"
dependencies = [
 "ppv-lite86",
 "rand_core",
]

[[package]]
name = "rand_core"
version = "0.6.4"
source = "registry+https://github.com/rust-lang/crates.io-index"
checksum = "ec0be4795e2f6a28069bec0b5ff3e2ac9bafc99e6a9a7dc3547996c5c816922c"
dependencies = [
 "getrandom 0.2.15",
]

[[package]]
name = "rayon"
version = "1.10.0"
source = "registry+https://github.com/rust-lang/crates.io-index"
checksum = "b418a60154510ca1a002a752ca9714984e21e4241e804d32555251faf8b78ffa"
dependencies = [
 "either",
 "rayon-core",
]

[[package]]
name = "rayon-core"
version = "1.12.1"
source = "registry+https://github.com/rust-lang/crates.io-index"
checksum = "1465873a3dfdaa8ae7cb14b4383657caab0b3e8a0aa9ae8e04b044854c8dfce2"
dependencies = [
 "crossbeam-deque",
 "crossbeam-utils",
]

[[package]]
name = "regex"
version = "1.12.3"
source = "registry+https://github.com/rust-lang/crates.io-index"
checksum = "e10754a14b9137dd7b1e3e5b0493cc9171fdd105e0ab477f51b72e7f3ac0e276"
dependencies = [
 "aho-corasick",
 "memchr",
 "regex-automata",
 "regex-syntax",
]

[[package]]
name = "regex-automata"
version = "0.4.14"
source = "registry+https://github.com/rust-lang/crates.io-index"
checksum = "6e1dd4122fc1595e8162618945476892eefca7b88c52820e74af6262213cae8f"
dependencies = [
 "aho-corasick",
 "memchr",
 "regex-syntax",
]

[[package]]
name = "regex-syntax"
version = "0.8.5"
source = "registry+https://github.com/rust-lang/crates.io-index"
checksum = "2b15c43186be67a4fd63bee50d0303afffcef381492ebe2c5d87f324e1b8815c"

[[package]]
name = "rustix"
version = "1.0.7"
source = "registry+https://github.com/rust-lang/crates.io-index"
checksum = "c71e83d6afe7ff64890ec6b71d6a69bb8a610ab78ce364b3352876bb4c801266"
dependencies = [
 "bitflags",
 "errno",
 "libc",
 "linux-raw-sys",
 "windows-sys",
]

[[package]]
name = "ryu"
version = "1.0.18"
source = "registry+https://github.com/rust-lang/crates.io-index"
checksum = "f3cb5ba0dc43242ce17de99c180e96db90b235b8a9fdc9543c96d2209116bd9f"

[[package]]
name = "serde"
version = "1.0.228"
source = "registry+https://github.com/rust-lang/crates.io-index"
checksum = "9a8e94ea7f378bd32cbbd37198a4a91436180c5bb472411e48b5ec2e2124ae9e"
dependencies = [
 "serde_core",
 "serde_derive",
]

[[package]]
name = "serde_core"
version = "1.0.228"
source = "registry+https://github.com/rust-lang/crates.io-index"
checksum = "41d385c7d4ca58e59fc732af25c3983b67ac852c1a25000afe1175de458b67ad"
dependencies = [
 "serde_derive",
]

[[package]]
name = "serde_derive"
version = "1.0.228"
source = "registry+https://github.com/rust-lang/crates.io-index"
checksum = "d540f220d3187173da220f885ab66608367b6574e925011a9353e4badda91d79"
dependencies = [
 "proc-macro2",
 "quote",
 "syn",
]

[[package]]
name = "sha2"
version = "0.10.9"
source = "registry+https://github.com/rust-lang/crates.io-index"
checksum = "a7507d819769d01a365ab707794a4084392c824f54a7a6a7862f8c3d0892b283"
dependencies = [
 "cfg-if",
 "cpufeatures",
 "digest",
]

[[package]]
name = "shlex"
version = "1.3.0"
source = "registry+https://github.com/rust-lang/crates.io-index"
checksum = "0fda2ff0d084019ba4d7c6f371c95d8fd75ce3524c3cb8fb653a3023f6323e64"

[[package]]
name = "simd-adler32"
version = "0.3.9"
source = "registry+https://github.com/rust-lang/crates.io-index"
checksum = "703d5c7ef118737c72f1af64ad2f6f8c5e1921f818cdcb97b8fe6fc69bf66214"

[[package]]
name = "strsim"
version = "0.11.1"
source = "registry+https://github.com/rust-lang/crates.io-index"
checksum = "7da8b5736845d9f2fcb837ea5d9e2628564b3b043a70948a3f0b778838c5fb4f"

[[package]]
name = "syn"
version = "2.0.117"
source = "registry+https://github.com/rust-lang/crates.io-index"
checksum = "e665b8803e7b1d2a727f4023456bbbbe74da67099c585258af0ad9c5013b9b99"
dependencies = [
 "proc-macro2",
 "quote",
 "unicode-ident",
]

[[package]]
name = "tempfile"
version = "3.20.0"
source = "registry+https://github.com/rust-lang/crates.io-index"
checksum = "e8a64e3985349f2441a1a9ef0b853f869006c3855f2cda6862a94d26ebb9d6a1"
dependencies = [
 "fastrand",
 "getrandom 0.3.3",
 "once_cell",
 "rustix",
 "windows-sys",
]

[[package]]
name = "termtree"
version = "0.5.1"
source = "registry+https://github.com/rust-lang/crates.io-index"
checksum = "8f50febec83f5ee1df3015341d8bd429f2d1cc62bcba7ea2076759d315084683"

[[package]]
name = "typenum"
version = "1.20.0"
source = "registry+https://github.com/rust-lang/crates.io-index"
checksum = "40ce102ab67701b8526c123c1bab5cbe42d7040ccfd0f64af1a385808d2f43de"

[[package]]
name = "unicode-ident"
version = "1.0.13"
source = "registry+https://github.com/rust-lang/crates.io-index"
checksum = "e91b56cd4cadaeb79bbf1a5645f6b4f8dc5bde8834ad5894a8db35fda9efa1fe"

[[package]]
name = "utf8parse"
version = "0.2.2"
source = "registry+https://github.com/rust-lang/crates.io-index"
checksum = "06abde3611657adf66d383f00b093d7faecc7fa57071cce2578660c9f1010821"

[[package]]
name = "vcpkg"
version = "0.2.15"
source = "registry+https://github.com/rust-lang/crates.io-index"
checksum = "accd4ea62f7bb7a82fe23066fb0957d48ef677f6eeb8215f372f52e48bb32426"

[[package]]
name = "version_check"
version = "0.9.5"
source = "registry+https://github.com/rust-lang/crates.io-index"
checksum = "0b928f33d975fc6ad9f86c8f283853ad26bdd5b10b7f1542aa2fa15e2289105a"

[[package]]
name = "wait-timeout"
version = "0.2.1"
source = "registry+https://github.com/rust-lang/crates.io-index"
checksum = "09ac3b126d3914f9849036f826e054cbabdc8519970b8998ddaf3b5bd3c65f11"
dependencies = [
 "libc",
]

[[package]]
name = "wasi"
version = "0.11.0+wasi-snapshot-preview1"
source = "registry+https://github.com/rust-lang/crates.io-index"
checksum = "9c8d87e72b64a3b4db28d11ce29237c246188f4f51057d65a7eab63b7987e423"

[[package]]
name = "wasi"
version = "0.14.2+wasi-0.2.4"
source = "registry+https://github.com/rust-lang/crates.io-index"
checksum = "9683f9a5a998d873c0d21fcbe3c083009670149a8fab228644b8bd36b2c48cb3"
dependencies = [
 "wit-bindgen-rt",
]

[[package]]
name = "windows-sys"
version = "0.59.0"
source = "registry+https://github.com/rust-lang/crates.io-index"
checksum = "1e38bc4d79ed67fd075bcc251a1c39b32a1776bbe92e5bef1f0bf1f8c531853b"
dependencies = [
 "windows-targets",
]

[[package]]
name = "windows-targets"
version = "0.52.6"
source = "registry+https://github.com/rust-lang/crates.io-index"
checksum = "9b724f72796e036ab90c1021d4780d4d3d648aca59e491e6b98e725b84e99973"
dependencies = [
 "windows_aarch64_gnullvm",
 "windows_aarch64_msvc",
 "windows_i686_gnu",
 "windows_i686_gnullvm",
 "windows_i686_msvc",
 "windows_x86_64_gnu",
 "windows_x86_64_gnullvm",
 "windows_x86_64_msvc",
]

[[package]]
name = "windows_aarch64_gnullvm"
version = "0.52.6"
source = "registry+https://github.com/rust-lang/crates.io-index"
checksum = "32a4622180e7a0ec044bb555404c800bc9fd9ec262ec147edd5989ccd0c02cd3"

[[package]]
name = "windows_aarch64_msvc"
version = "0.52.6"
source = "registry+https://github.com/rust-lang/crates.io-index"
checksum = "09ec2a7bb152e2252b53fa7803150007879548bc709c039df7627cabbd05d469"

[[package]]
name = "windows_i686_gnu"
version = "0.52.6"
source = "registry+https://github.com/rust-lang/crates.io-index"
checksum = "8e9b5ad5ab802e97eb8e295ac6720e509ee4c243f69d781394014ebfe8bbfa0b"

[[package]]
name = "windows_i686_gnullvm"
version = "0.52.6"
source = "registry+https://github.com/rust-lang/crates.io-index"
checksum = "0eee52d38c090b3caa76c563b86c3a4bd71ef1a819287c19d586d7334ae8ed66"

[[package]]
name = "windows_i686_msvc"
version = "0.52.6"
source = "registry+https://github.com/rust-lang/crates.io-index"
checksum = "240948bc05c5e7c6dabba28bf89d89ffce3e303022809e73deaefe4f6ec56c66"

[[package]]
name = "windows_x86_64_gnu"
version = "0.52.6"
source = "registry+https://github.com/rust-lang/crates.io-index"
checksum = "147a5c80aabfbf0c7d901cb5895d1de30ef2907eb21fbbab29ca94c5b08b1a78"

[[package]]
name = "windows_x86_64_gnullvm"
version = "0.52.6"
source = "registry+https://github.com/rust-lang/crates.io-index"
checksum = "24d5b23dc417412679681396f2b49f3de8c1473deb516bd34410872eff51ed0d"

[[package]]
name = "windows_x86_64_msvc"
version = "0.52.6"
source = "registry+https://github.com/rust-lang/crates.io-index"
checksum = "589f6da84c646204747d1270a2a5661ea66ed1cced2631d546fdfb155959f9ec"

[[package]]
name = "wit-bindgen-rt"
version = "0.39.0"
source = "registry+https://github.com/rust-lang/crates.io-index"
checksum = "6f42320e61fe2cfd34354ecb597f86f413484a798ba44a8ca1165c58d42da6c1"
dependencies = [
 "bitflags",
]

[[package]]
name = "zerocopy"
version = "0.7.35"
source = "registry+https://github.com/rust-lang/crates.io-index"
checksum = "1b9b4fd18abc82b8136838da5d50bae7bdea537c574d8dc1a34ed098d6c166f0"
dependencies = [
 "byteorder",
 "zerocopy-derive",
]

[[package]]
name = "zerocopy-derive"
version = "0.7.35"
source = "registry+https://github.com/rust-lang/crates.io-index"
checksum = "fa4f8080344d4671fb4e831a13ad1e68092748387dfc4f55e356242fae12ce3e"
dependencies = [
 "proc-macro2",
 "quote",
 "syn",
]

[[package]]
name = "zlib-rs"
version = "0.6.3"
source = "registry+https://github.com/rust-lang/crates.io-index"
checksum = "3be3d40e40a133f9c916ee3f9f4fa2d9d63435b5fbe1bfc6d9dae0aa0ada1513"

[[package]]
name = "zstd"
version = "0.13.2"
source = "registry+https://github.com/rust-lang/crates.io-index"
checksum = "fcf2b778a664581e31e389454a7072dab1647606d44f7feea22cd5abb9c9f3f9"
dependencies = [
 "zstd-safe",
]

[[package]]
name = "zstd-safe"
version = "7.2.1"
source = "registry+https://github.com/rust-lang/crates.io-index"
checksum = "54a3ab4db68cea366acc5c897c7b4d4d1b8994a9cd6e6f841f8964566a419059"
dependencies = [
 "zstd-sys",
]

[[package]]
name = "zstd-sys"
version = "2.0.13+zstd.1.5.6"
source = "registry+https://github.com/rust-lang/crates.io-index"
checksum = "38ff0f21cfee8f97d94cef41359e0c89aa6113028ab0291aa8ca0038995a95aa"
dependencies = [
 "cc",
 "pkg-config",
]
